{
  "version": 4,
  "terraform_version": "1.5.7",
  "serial": 19,
  "lineage": "f0cea9c5-2774-ab36-bf34-9ccb82b68307",
  "outputs": {
    "app_server_ip": {
      "value": "116.203.176.71",
      "type": "string"
    },
    "app_server_name": {
      "value": "production-market-app",
      "type": "string"
    },
    "app_server_private_ip": {
      "value": "116.203.176.71",
      "type": "string"
    }
  },
  "resources": [
    {
      "mode": "data",
      "type": "hcloud_ssh_keys",
      "name": "all",
      "provider": "provider[\"registry.terraform.io/hetznercloud/hcloud\"]",
      "instances": [
        {
          "schema_version": 0,
          "attributes": {
            "id": "101552291-101700595",
            "ssh_keys": [
              {
                "fingerprint": "05:c8:97:bb:e4:9e:62:54:35:11:ef:52:29:40:97:4d",
                "id": 101552291,
                "labels": {},
                "name": "andreypavlenko@Klukvas-2.local",
                "public_key": "ssh-rsa AAAAB3NzaC1yc2EAAAADAQABAAABgQDZSccIavYr1brEYKH/fTaomEkRZjyphrX4o7v1C3/VXiL01fa4P8NqRibD53gP84cthpS1K/bWC2ae6xKOyDErLWwhJiQHgRN7PRW1z2v+8rL33LcwPKCuiDPUiF2Gz5/Nkla0qgYMwtTT/nnPQ5okHnu1fTd/Sn9aiiAMo50kpqdcFFVZGAW2poKYBRXzGsSQsDwTroBvxxvexTAnCuOTttKeEfFEup1rEMJKJFCjl5glHzvLznYYsOdDKXY3AA6HbuQZxT5Rzqm5OcQRu/N8nu7QIppLUPR+XvlYjRt86obqc83iXT1gUDgie8+djua/aFEbpG2xr5RxN7eBQozqpcLLZcWy4Q/KSiUYnwg/Eb9pKhhTHYkaK8gfRVTB4lCdKrOvU0tFakUA+lYyfaVMgdS4A/PCQD7O+LaukzrnSmkYMJHMoF4OzjBeVkGWMDDainWG63xPrRkkQY/E2cY23wDgpq3gkmy8a9i2D0hzBngAVaNHUyuvemHLTtPTwX8="
              },
              {
                "fingerprint": "45:c1:ba:bc:64:85:80:d9:1c:6c:55:23:36:8d:1f:18",
                "id": 101700595,
                "labels": {},
                "name": "gha-deploy",
                "public_key": "ssh-ed25519 AAAAC3NzaC1lZDI1NTE5AAAAIPsVKD80VbeIBfzUwOmNtnHqRo3lHuvrODdDL1mUJG06"
              }
            ],
            "with_selector": null
          },
          "sensitive_attributes": []
        }
      ]
    },
    {
      "mode": "managed",
      "type": "hcloud_firewall",
      "name": "app",
      "provider": "provider[\"registry.terraform.io/hetznercloud/hcloud\"]",
      "instances": [
        {
          "schema_version": 0,
          "attributes": {
            "apply_to": [],
            "id": "2401491",
            "labels": {},
            "name": "production-market-app-fw",
            "rule": [
              {
                "description": "",
                "destination_ips": [],
                "direction": "in",
                "port": "22",
                "protocol": "tcp",
                "source_ips": [
                  "0.0.0.0/0"
                ]
              },
              {
                "description": "",
                "destination_ips": [],
                "direction": "in",
                "port": "3000",
                "protocol": "tcp",
                "source_ips": [
                  "0.0.0.0/0"
                ]
              },
              {
                "description": "",
                "destination_ips": [],
                "direction": "in",
                "port": "443",
                "protocol": "tcp",
                "source_ips": [
                  "0.0.0.0/0"
                ]
              },
              {
                "description": "",
                "destination_ips": [],
                "direction": "in",
                "port": "80",
                "protocol": "tcp",
                "source_ips": [
                  "0.0.0.0/0"
                ]
              }
            ]
          },
          "sensitive_attributes": [],
          "private": "bnVsbA=="
        }
      ]
    },
    {
      "mode": "managed",
      "type": "hcloud_firewall_attachment",
      "name": "app",
      "provider": "provider[\"registry.terraform.io/hetznercloud/hcloud\"]",
      "instances": [
        {
          "schema_version": 0,
          "attributes": {
            "firewall_id": 2401491,
            "id": "2401491",
            "label_selectors": [],
            "server_ids": [
              108075036
            ]
          },
          "sensitive_attributes": [],
          "private": "bnVsbA==",
          "dependencies": [
            "data.hcloud_ssh_keys.all",
            "hcloud_firewall.app",
            "hcloud_server.app"
          ]
        }
      ]
    }
  ],
  "check_results": null
}
