{
  "version": 4,
  "terraform_version": "1.5.7",
  "serial": 23,
  "lineage": "f0cea9c5-2774-ab36-bf34-9ccb82b68307",
  "outputs": {
    "app_server_ip": {
      "value": "116.203.176.71",
      "type": "string"
    },
    "app_server_name": {
      "value": "production-market-app",
      "type": "string"
    },
    "app_server_private_ip": {
      "value": "116.203.176.71",
      "type": "string"
    }
  },
  "resources": [
    {
      "mode": "data",
      "type": "hcloud_ssh_keys",
      "name": "all",
      "provider": "provider[\"registry.terraform.io/hetznercloud/hcloud\"]",
      "instances": [
        {
          "schema_version": 0,
          "attributes": {
            "id": "101552291-101700595",
            "ssh_keys": [
              {
                "fingerprint": "05:c8:97:bb:e4:9e:62:54:35:11:ef:52:29:40:97:4d",
                "id": 101552291,
                "labels": {},
                "name": "andreypavlenko@Klukvas-2.local",
                "public_key": "ssh-rsa AAAAB3NzaC1yc2EAAAADAQABAAABgQDZSccIavYr1brEYKH/fTaomEkRZjyphrX4o7v1C3/VXiL01fa4P8NqRibD53gP84cthpS1K/bWC2ae6xKOyDErLWwhJiQHgRN7PRW1z2v+8rL33LcwPKCuiDPUiF2Gz5/Nkla0qgYMwtTT/nnPQ5okHnu1fTd/Sn9aiiAMo50kpqdcFFVZGAW2poKYBRXzGsSQsDwTroBvxxvexTAnCuOTttKeEfFEup1rEMJKJFCjl5glHzvLznYYsOdDKXY3AA6HbuQZxT5Rzqm5OcQRu/N8nu7QIppLUPR+XvlYjRt86obqc83iXT1gUDgie8+djua/aFEbpG2xr5RxN7eBQozqpcLLZcWy4Q/KSiUYnwg/Eb9pKhhTHYkaK8gfRVTB4lCdKrOvU0tFakUA+lYyfaVMgdS4A/PCQD7O+LaukzrnSmkYMJHMoF4OzjBeVkGWMDDainWG63xPrRkkQY/E2cY23wDgpq3gkmy8a9i2D0hzBngAVaNHUyuvemHLTtPTwX8="
              },
              {
                "fingerprint": "45:c1:ba:bc:64:85:80:d9:1c:6c:55:23:36:8d:1f:18",
                "id": 101700595,
                "labels": {},
                "name": "gha-deploy",
                "public_key": "ssh-ed25519 AAAAC3NzaC1lZDI1NTE5AAAAIPsVKD80VbeIBfzUwOmNtnHqRo3lHuvrODdDL1mUJG06"
              }
            ],
            "with_selector": null
          },
          "sensitive_attributes": []
        }
      ]
    },
    {
      "mode": "managed",
      "type": "hcloud_firewall_attachment",
      "name": "app",
      "provider": "provider[\"registry.terraform.io/hetznercloud/hcloud\"]",
      "instances": []
    },
    {
      "mode": "managed",
      "type": "hcloud_server",
      "name": "app",
      "provider": "provider[\"registry.terraform.io/hetznercloud/hcloud\"]",
      "instances": [
        {
          "schema_version": 0,
          "attributes": {
            "allow_deprecated_images": false,
            "backup_window": "",
            "backups": false,
            "datacenter": "nbg1-dc3",
            "delete_protection": false,
            "firewall_ids": [],
            "id": "108706529",
            "ignore_remote_firewall_ids": false,
            "image": "ubuntu-22.04",
            "ipv4_address": "116.203.176.71",
            "ipv6_address": "2a01:4f8:1c1a:e3ac::1",
            "ipv6_network": "2a01:4f8:1c1a:e3ac::/64",
            "iso": null,
            "keep_disk": false,
            "labels": {
              "environment": "production",
              "role": "app"
            },
            "location": "nbg1",
            "name": "production-market-app",
            "network": [],
            "placement_group_id": 0,
            "primary_disk_size": 40,
            "public_net": [],
            "rebuild_protection": false,
            "rescue": null,
            "server_type": "cx22",
            "shutdown_before_deletion": false,
            "ssh_keys": [
              "101552291"
            ],
            "status": "running",
            "timeouts": null,
            "user_data": null
          },
          "sensitive_attributes": [],
          "private": "eyJlMmJmYjczMC1lY2FhLTExZTYtOGY4OC0zNDM2M2JjN2M0YzAiOnsiY3JlYXRlIjo1NDAwMDAwMDAwMDAwfX0="
        }
      ]
    }
  ],
  "check_results": null
}
