{
  "version": 4,
  "terraform_version": "1.5.7",
  "serial": 37,
  "lineage": "f0cea9c5-2774-ab36-bf34-9ccb82b68307",
  "outputs": {
    "app_server_ip": {
      "value": "116.203.176.71",
      "type": "string"
    },
    "app_server_name": {
      "value": "production-market-app",
      "type": "string"
    },
    "app_server_private_ip": {
      "value": "10.0.1.10",
      "type": "string"
    },
    "db_server_ip": {
      "value": "91.98.172.0",
      "type": "string"
    },
    "db_server_name": {
      "value": "production-market-db",
      "type": "string"
    },
    "db_server_private_ip": {
      "value": "10.0.1.20",
      "type": "string"
    },
    "network_id": {
      "value": "11446821",
      "type": "string"
    }
  },
  "resources": [
    {
      "mode": "data",
      "type": "hcloud_ssh_keys",
      "name": "all",
      "provider": "provider[\"registry.terraform.io/hetznercloud/hcloud\"]",
      "instances": [
        {
          "schema_version": 0,
          "attributes": {
            "id": "101552291-101700595",
            "ssh_keys": [
              {
                "fingerprint": "05:c8:97:bb:e4:9e:62:54:35:11:ef:52:29:40:97:4d",
                "id": 101552291,
                "labels": {},
                "name": "andreypavlenko@Klukvas-2.local",
                "public_key": "ssh-rsa AAAAB3NzaC1yc2EAAAADAQABAAABgQDZSccIavYr1brEYKH/fTaomEkRZjyphrX4o7v1C3/VXiL01fa4P8NqRibD53gP84cthpS1K/bWC2ae6xKOyDErLWwhJiQHgRN7PRW1z2v+8rL33LcwPKCuiDPUiF2Gz5/Nkla0qgYMwtTT/nnPQ5okHnu1fTd/Sn9aiiAMo50kpqdcFFVZGAW2poKYBRXzGsSQsDwTroBvxxvexTAnCuOTttKeEfFEup1rEMJKJFCjl5glHzvLznYYsOdDKXY3AA6HbuQZxT5Rzqm5OcQRu/N8nu7QIppLUPR+XvlYjRt86obqc83iXT1gUDgie8+djua/aFEbpG2xr5RxN7eBQozqpcLLZcWy4Q/KSiUYnwg/Eb9pKhhTHYkaK8gfRVTB4lCdKrOvU0tFakUA+lYyfaVMgdS4A/PCQD7O+LaukzrnSmkYMJHMoF4OzjBeVkGWMDDainWG63xPrRkkQY/E2cY23wDgpq3gkmy8a9i2D0hzBngAVaNHUyuvemHLTtPTwX8="
              },
              {
                "fingerprint": "45:c1:ba:bc:64:85:80:d9:1c:6c:55:23:36:8d:1f:18",
                "id": 101700595,
                "labels": {},
                "name": "gha-deploy",
                "public_key": "ssh-ed25519 AAAAC3NzaC1lZDI1NTE5AAAAIPsVKD80VbeIBfzUwOmNtnHqRo3lHuvrODdDL1mUJG06"
              }
            ],
            "with_selector": null
          },
          "sensitive_attributes": []
        }
      ]
    },
    {
      "mode": "managed",
      "type": "hcloud_firewall",
      "name": "app",
      "provider": "provider[\"registry.terraform.io/hetznercloud/hcloud\"]",
      "instances": [
        {
          "schema_version": 0,
          "attributes": {
            "apply_to": [
              {
                "label_selector": "",
                "server": 108706529
              }
            ],
            "id": "2421757",
            "labels": {},
            "name": "production-market-app-fw-v3",
            "rule": [
              {
                "description": "",
                "destination_ips": [],
                "direction": "in",
                "port": "22",
                "protocol": "tcp",
                "source_ips": [
                  "0.0.0.0/0"
                ]
              },
              {
                "description": "",
                "destination_ips": [],
                "direction": "in",
                "port": "3000",
                "protocol": "tcp",
                "source_ips": [
                  "0.0.0.0/0"
                ]
              },
              {
                "description": "",
                "destination_ips": [],
                "direction": "in",
                "port": "443",
                "protocol": "tcp",
                "source_ips": [
                  "0.0.0.0/0"
                ]
              },
              {
                "description": "",
                "destination_ips": [],
                "direction": "in",
                "port": "80",
                "protocol": "tcp",
                "source_ips": [
                  "0.0.0.0/0"
                ]
              }
            ]
          },
          "sensitive_attributes": [],
          "private": "bnVsbA=="
        }
      ]
    },
    {
      "mode": "managed",
      "type": "hcloud_firewall",
      "name": "db",
      "provider": "provider[\"registry.terraform.io/hetznercloud/hcloud\"]",
      "instances": [
        {
          "schema_version": 0,
          "attributes": {
            "apply_to": [],
            "id": "2431443",
            "labels": {},
            "name": "production-market-db-fw",
            "rule": [
              {
                "description": "",
                "destination_ips": [],
                "direction": "in",
                "port": "22",
                "protocol": "tcp",
                "source_ips": [
                  "0.0.0.0/0"
                ]
              },
              {
                "description": "",
                "destination_ips": [],
                "direction": "in",
                "port": "5432",
                "protocol": "tcp",
                "source_ips": [
                  "10.0.1.0/24"
                ]
              }
            ]
          },
          "sensitive_attributes": [],
          "private": "bnVsbA=="
        }
      ]
    },
    {
      "mode": "managed",
      "type": "hcloud_firewall_attachment",
      "name": "app",
      "provider": "provider[\"registry.terraform.io/hetznercloud/hcloud\"]",
      "instances": [
        {
          "schema_version": 0,
          "attributes": {
            "firewall_id": 2421757,
            "id": "2421757",
            "label_selectors": [],
            "server_ids": [
              108706529
            ]
          },
          "sensitive_attributes": [],
          "private": "bnVsbA==",
          "dependencies": [
            "hcloud_firewall.app",
            "hcloud_server.app"
          ]
        }
      ]
    },
    {
      "mode": "managed",
      "type": "hcloud_firewall_attachment",
      "name": "db",
      "provider": "provider[\"registry.terraform.io/hetznercloud/hcloud\"]",
      "instances": [
        {
          "schema_version": 0,
          "attributes": {
            "firewall_id": 2431443,
            "id": "2431443",
            "label_selectors": null,
            "server_ids": [
              108959927
            ]
          },
          "sensitive_attributes": [],
          "private": "bnVsbA==",
          "dependencies": [
            "hcloud_firewall.db",
            "hcloud_server.db"
          ]
        }
      ]
    },
    {
      "mode": "managed",
      "type": "hcloud_network",
      "name": "market_network",
      "provider": "provider[\"registry.terraform.io/hetznercloud/hcloud\"]",
      "instances": [
        {
          "schema_version": 0,
          "attributes": {
            "delete_protection": false,
            "expose_routes_to_vswitch": false,
            "id": "11446821",
            "ip_range": "10.0.0.0/16",
            "labels": {},
            "name": "production-market-network"
          },
          "sensitive_attributes": [],
          "private": "bnVsbA=="
        }
      ]
    },
    {
      "mode": "managed",
      "type": "hcloud_network_subnet",
      "name": "market_subnet",
      "provider": "provider[\"registry.terraform.io/hetznercloud/hcloud\"]",
      "instances": [
        {
          "schema_version": 0,
          "attributes": {
            "gateway": "10.0.0.1",
            "id": "11446821-10.0.1.0/24",
            "ip_range": "10.0.1.0/24",
            "network_id": 11446821,
            "network_zone": "eu-central",
            "type": "cloud",
            "vswitch_id": null
          },
          "sensitive_attributes": [],
          "private": "bnVsbA==",
          "dependencies": [
            "hcloud_network.market_network"
          ]
        }
      ]
    },
    {
      "mode": "managed",
      "type": "hcloud_server",
      "name": "app",
      "provider": "provider[\"registry.terraform.io/hetznercloud/hcloud\"]",
      "instances": [
        {
          "schema_version": 0,
          "attributes": {
            "allow_deprecated_images": false,
            "backup_window": "",
            "backups": false,
            "datacenter": "nbg1-dc3",
            "delete_protection": false,
            "firewall_ids": [
              2421757
            ],
            "id": "108706529",
            "ignore_remote_firewall_ids": false,
            "image": "ubuntu-22.04",
            "ipv4_address": "116.203.176.71",
            "ipv6_address": "2a01:4f8:1c1a:e3ac::1",
            "ipv6_network": "2a01:4f8:1c1a:e3ac::/64",
            "iso": null,
            "keep_disk": false,
            "labels": {
              "environment": "production",
              "role": "app"
            },
            "location": "nbg1",
            "name": "production-market-app",
            "network": [],
            "placement_group_id": 0,
            "primary_disk_size": 40,
            "public_net": [],
            "rebuild_protection": false,
            "rescue": null,
            "server_type": "cx22",
            "shutdown_before_deletion": false,
            "ssh_keys": [
              "101552291"
            ],
            "status": "running",
            "timeouts": null,
            "user_data": null
          },
          "sensitive_attributes": [],
          "private": "eyJlMmJmYjczMC1lY2FhLTExZTYtOGY4OC0zNDM2M2JjN2M0YzAiOnsiY3JlYXRlIjo1NDAwMDAwMDAwMDAwfX0="
        }
      ]
    },
    {
      "mode": "managed",
      "type": "hcloud_server",
      "name": "db",
      "provider": "provider[\"registry.terraform.io/hetznercloud/hcloud\"]",
      "instances": [
        {
          "schema_version": 0,
          "attributes": {
            "allow_deprecated_images": false,
            "backup_window": "",
            "backups": false,
            "datacenter": "nbg1-dc3",
            "delete_protection": false,
            "firewall_ids": [],
            "id": "108959927",
            "ignore_remote_firewall_ids": false,
            "image": "ubuntu-22.04",
            "ipv4_address": "91.98.172.0",
            "ipv6_address": "2a01:4f8:1c1a:a55e::1",
            "ipv6_network": "2a01:4f8:1c1a:a55e::/64",
            "iso": null,
            "keep_disk": false,
            "labels": {
              "environment": "production",
              "role": "database"
            },
            "location": "nbg1",
            "name": "production-market-db",
            "network": [],
            "placement_group_id": 0,
            "primary_disk_size": 40,
            "public_net": [],
            "rebuild_protection": false,
            "rescue": null,
            "server_type": "cx22",
            "shutdown_before_deletion": false,
            "ssh_keys": [
              "101552291"
            ],
            "status": "running",
            "timeouts": null,
            "user_data": null
          },
          "sensitive_attributes": [],
          "private": "eyJlMmJmYjczMC1lY2FhLTExZTYtOGY4OC0zNDM2M2JjN2M0YzAiOnsiY3JlYXRlIjo1NDAwMDAwMDAwMDAwfX0="
        }
      ]
    },
    {
      "mode": "managed",
      "type": "hcloud_server_network",
      "name": "app_network",
      "provider": "provider[\"registry.terraform.io/hetznercloud/hcloud\"]",
      "instances": [
        {
          "schema_version": 0,
          "attributes": {
            "alias_ips": [],
            "id": "108706529-11446821",
            "ip": "10.0.1.10",
            "mac_address": "86:00:00:a2:8b:5b",
            "network_id": 11446821,
            "server_id": 108706529,
            "subnet_id": null
          },
          "sensitive_attributes": [],
          "private": "bnVsbA==",
          "dependencies": [
            "hcloud_network.market_network",
            "hcloud_server.app"
          ]
        }
      ]
    },
    {
      "mode": "managed",
      "type": "hcloud_server_network",
      "name": "db_network",
      "provider": "provider[\"registry.terraform.io/hetznercloud/hcloud\"]",
      "instances": [
        {
          "schema_version": 0,
          "attributes": {
            "alias_ips": null,
            "id": "108959927-11446821",
            "ip": "10.0.1.20",
            "mac_address": "86:00:00:a2:8b:49",
            "network_id": 11446821,
            "server_id": 108959927,
            "subnet_id": null
          },
          "sensitive_attributes": [],
          "private": "bnVsbA==",
          "dependencies": [
            "hcloud_network.market_network",
            "hcloud_server.db"
          ]
        }
      ]
    }
  ],
  "check_results": null
}
